
Microsoft Visual Studio Solution File, Format Version 12.00
# Visual Studio 14
VisualStudioVersion = 14.0.25123.0
MinimumVisualStudioVersion = 10.0.40219.1
Project("{8BC9CEB8-8B4A-11D0-8D11-00A0C91BC942}") = "lab2-2", "algorithms\algorithms.vcxproj", "{E5D02D37-88EC-4E3A-B18E-E2A842CE04BC}"
EndProject
Project("{8BC9CEB8-8B4A-11D0-8D11-00A0C91BC942}") = "lab2-4", "lab2-4\lab2-4.vcxproj", "{62DF9355-3285-4C1F-97A7-C2230BB0C879}"
EndProject
Project("{8BC9CEB8-8B4A-11D0-8D11-00A0C91BC942}") = "lab3-1", "lab3-1\lab3-1.vcxproj", "{CC4C7B3B-BD9B-4994-8BBA-9B2864E47DEC}"
EndProject
Project("{8BC9CEB8-8B4A-11D0-8D11-00A0C91BC942}") = "lab4", "lab4\lab4.vcxproj", "{990E84EC-2CA8-41E2-B121-302333BA934B}"
EndProject
Project("{8BC9CEB8-8B4A-11D0-8D11-00A0C91BC942}") = "tar1", "tar1\tar1.vcxproj", "{7A204318-C829-4AB3-9619-67CB4118B00E}"
EndProject
Project("{8BC9CEB8-8B4A-11D0-8D11-00A0C91BC942}") = "lab5", "lab5\lab5.vcxproj", "{8EEAF842-AF53-474A-8FA7-B08B7C58C923}"
EndProject
Project("{8BC9CEB8-8B4A-11D0-8D11-00A0C91BC942}") = "lab6", "lab6\lab6.vcxproj", "{E3B818BF-3993-4143-BD6E-10A913B8EBF8}"
EndProject
Project("{8BC9CEB8-8B4A-11D0-8D11-00A0C91BC942}") = "lab7", "lab7\lab7.vcxproj", "{07B17F77-5801-42A3-B13A-985962AA0CF0}"
EndProject
Project("{8BC9CEB8-8B4A-11D0-8D11-00A0C91BC942}") = "lab8", "lab8\lab8.vcxproj", "{A25DC1F7-931F-40AA-AF6B-3E0AE045B67D}"
EndProject
Project("{8BC9CEB8-8B4A-11D0-8D11-00A0C91BC942}") = "tar2", "tar2\tar2.vcxproj", "{7D32F247-F6E3-4EBC-B2A1-E9774FB2AB83}"
EndProject
Project("{8BC9CEB8-8B4A-11D0-8D11-00A0C91BC942}") = "lab9", "lab9\lab9.vcxproj", "{DCEB48D4-6876-40FD-AFE9-12DCA34314BF}"
EndProject
Project("{8BC9CEB8-8B4A-11D0-8D11-00A0C91BC942}") = "lab10", "lab10\lab10.vcxproj", "{47FBE9EA-77B5-4F82-B91F-53D08ECC8CC8}"
EndProject
Project("{8BC9CEB8-8B4A-11D0-8D11-00A0C91BC942}") = "lab11", "lab11\lab11.vcxproj", "{9FD538AD-C1BD-472C-A1B9-F35B53BC0FF1}"
EndProject
Project("{8BC9CEB8-8B4A-11D0-8D11-00A0C91BC942}") = "lab12", "lab12\lab12.vcxproj", "{DD389368-D579-429B-BCF0-616E08BD9C44}"
EndProject
Project("{8BC9CEB8-8B4A-11D0-8D11-00A0C91BC942}") = "tar3", "tar3\tar3.vcxproj", "{E4EB5FCA-9509-453D-9E3F-DB26FBAFDA6A}"
EndProject
Project("{8BC9CEB8-8B4A-11D0-8D11-00A0C91BC942}") = "tarTest", "tarTest\tarTest.vcxproj", "{816173F7-BBF7-42C4-8294-B6141D239BEC}"
EndProject
Global
	GlobalSection(SolutionConfigurationPlatforms) = preSolution
		Debug|x64 = Debug|x64
		Debug|x86 = Debug|x86
		Release|x64 = Release|x64
		Release|x86 = Release|x86
	EndGlobalSection
	GlobalSection(ProjectConfigurationPlatforms) = postSolution
		{E5D02D37-88EC-4E3A-B18E-E2A842CE04BC}.Debug|x64.ActiveCfg = Debug|x64
		{E5D02D37-88EC-4E3A-B18E-E2A842CE04BC}.Debug|x64.Build.0 = Debug|x64
		{E5D02D37-88EC-4E3A-B18E-E2A842CE04BC}.Debug|x86.ActiveCfg = Debug|Win32
		{E5D02D37-88EC-4E3A-B18E-E2A842CE04BC}.Debug|x86.Build.0 = Debug|Win32
		{E5D02D37-88EC-4E3A-B18E-E2A842CE04BC}.Release|x64.ActiveCfg = Release|x64
		{E5D02D37-88EC-4E3A-B18E-E2A842CE04BC}.Release|x64.Build.0 = Release|x64
		{E5D02D37-88EC-4E3A-B18E-E2A842CE04BC}.Release|x86.ActiveCfg = Release|Win32
		{E5D02D37-88EC-4E3A-B18E-E2A842CE04BC}.Release|x86.Build.0 = Release|Win32
		{62DF9355-3285-4C1F-97A7-C2230BB0C879}.Debug|x64.ActiveCfg = Debug|x64
		{62DF9355-3285-4C1F-97A7-C2230BB0C879}.Debug|x64.Build.0 = Debug|x64
		{62DF9355-3285-4C1F-97A7-C2230BB0C879}.Debug|x86.ActiveCfg = Debug|Win32
		{62DF9355-3285-4C1F-97A7-C2230BB0C879}.Debug|x86.Build.0 = Debug|Win32
		{62DF9355-3285-4C1F-97A7-C2230BB0C879}.Release|x64.ActiveCfg = Release|x64
		{62DF9355-3285-4C1F-97A7-C2230BB0C879}.Release|x64.Build.0 = Release|x64
		{62DF9355-3285-4C1F-97A7-C2230BB0C879}.Release|x86.ActiveCfg = Release|Win32
		{62DF9355-3285-4C1F-97A7-C2230BB0C879}.Release|x86.Build.0 = Release|Win32
		{CC4C7B3B-BD9B-4994-8BBA-9B2864E47DEC}.Debug|x64.ActiveCfg = Debug|x64
		{CC4C7B3B-BD9B-4994-8BBA-9B2864E47DEC}.Debug|x64.Build.0 = Debug|x64
		{CC4C7B3B-BD9B-4994-8BBA-9B2864E47DEC}.Debug|x86.ActiveCfg = Debug|Win32
		{CC4C7B3B-BD9B-4994-8BBA-9B2864E47DEC}.Debug|x86.Build.0 = Debug|Win32
		{CC4C7B3B-BD9B-4994-8BBA-9B2864E47DEC}.Release|x64.ActiveCfg = Release|x64
		{CC4C7B3B-BD9B-4994-8BBA-9B2864E47DEC}.Release|x64.Build.0 = Release|x64
		{CC4C7B3B-BD9B-4994-8BBA-9B2864E47DEC}.Release|x86.ActiveCfg = Release|Win32
		{CC4C7B3B-BD9B-4994-8BBA-9B2864E47DEC}.Release|x86.Build.0 = Release|Win32
		{990E84EC-2CA8-41E2-B121-302333BA934B}.Debug|x64.ActiveCfg = Debug|x64
		{990E84EC-2CA8-41E2-B121-302333BA934B}.Debug|x64.Build.0 = Debug|x64
		{990E84EC-2CA8-41E2-B121-302333BA934B}.Debug|x86.ActiveCfg = Debug|Win32
		{990E84EC-2CA8-41E2-B121-302333BA934B}.Debug|x86.Build.0 = Debug|Win32
		{990E84EC-2CA8-41E2-B121-302333BA934B}.Release|x64.ActiveCfg = Release|x64
		{990E84EC-2CA8-41E2-B121-302333BA934B}.Release|x64.Build.0 = Release|x64
		{990E84EC-2CA8-41E2-B121-302333BA934B}.Release|x86.ActiveCfg = Release|Win32
		{990E84EC-2CA8-41E2-B121-302333BA934B}.Release|x86.Build.0 = Release|Win32
		{7A204318-C829-4AB3-9619-67CB4118B00E}.Debug|x64.ActiveCfg = Debug|x64
		{7A204318-C829-4AB3-9619-67CB4118B00E}.Debug|x64.Build.0 = Debug|x64
		{7A204318-C829-4AB3-9619-67CB4118B00E}.Debug|x86.ActiveCfg = Debug|Win32
		{7A204318-C829-4AB3-9619-67CB4118B00E}.Debug|x86.Build.0 = Debug|Win32
		{7A204318-C829-4AB3-9619-67CB4118B00E}.Release|x64.ActiveCfg = Release|x64
		{7A204318-C829-4AB3-9619-67CB4118B00E}.Release|x64.Build.0 = Release|x64
		{7A204318-C829-4AB3-9619-67CB4118B00E}.Release|x86.ActiveCfg = Release|Win32
		{7A204318-C829-4AB3-9619-67CB4118B00E}.Release|x86.Build.0 = Release|Win32
		{8EEAF842-AF53-474A-8FA7-B08B7C58C923}.Debug|x64.ActiveCfg = Debug|x64
		{8EEAF842-AF53-474A-8FA7-B08B7C58C923}.Debug|x64.Build.0 = Debug|x64
		{8EEAF842-AF53-474A-8FA7-B08B7C58C923}.Debug|x86.ActiveCfg = Debug|Win32
		{8EEAF842-AF53-474A-8FA7-B08B7C58C923}.Debug|x86.Build.0 = Debug|Win32
		{8EEAF842-AF53-474A-8FA7-B08B7C58C923}.Release|x64.ActiveCfg = Release|x64
		{8EEAF842-AF53-474A-8FA7-B08B7C58C923}.Release|x64.Build.0 = Release|x64
		{8EEAF842-AF53-474A-8FA7-B08B7C58C923}.Release|x86.ActiveCfg = Release|Win32
		{8EEAF842-AF53-474A-8FA7-B08B7C58C923}.Release|x86.Build.0 = Release|Win32
		{E3B818BF-3993-4143-BD6E-10A913B8EBF8}.Debug|x64.ActiveCfg = Debug|x64
		{E3B818BF-3993-4143-BD6E-10A913B8EBF8}.Debug|x64.Build.0 = Debug|x64
		{E3B818BF-3993-4143-BD6E-10A913B8EBF8}.Debug|x86.ActiveCfg = Debug|Win32
		{E3B818BF-3993-4143-BD6E-10A913B8EBF8}.Debug|x86.Build.0 = Debug|Win32
		{E3B818BF-3993-4143-BD6E-10A913B8EBF8}.Release|x64.ActiveCfg = Release|x64
		{E3B818BF-3993-4143-BD6E-10A913B8EBF8}.Release|x64.Build.0 = Release|x64
		{E3B818BF-3993-4143-BD6E-10A913B8EBF8}.Release|x86.ActiveCfg = Release|Win32
		{E3B818BF-3993-4143-BD6E-10A913B8EBF8}.Release|x86.Build.0 = Release|Win32
		{07B17F77-5801-42A3-B13A-985962AA0CF0}.Debug|x64.ActiveCfg = Debug|x64
		{07B17F77-5801-42A3-B13A-985962AA0CF0}.Debug|x64.Build.0 = Debug|x64
		{07B17F77-5801-42A3-B13A-985962AA0CF0}.Debug|x86.ActiveCfg = Debug|Win32
		{07B17F77-5801-42A3-B13A-985962AA0CF0}.Debug|x86.Build.0 = Debug|Win32
		{07B17F77-5801-42A3-B13A-985962AA0CF0}.Release|x64.ActiveCfg = Release|x64
		{07B17F77-5801-42A3-B13A-985962AA0CF0}.Release|x64.Build.0 = Release|x64
		{07B17F77-5801-42A3-B13A-985962AA0CF0}.Release|x86.ActiveCfg = Release|Win32
		{07B17F77-5801-42A3-B13A-985962AA0CF0}.Release|x86.Build.0 = Release|Win32
		{A25DC1F7-931F-40AA-AF6B-3E0AE045B67D}.Debug|x64.ActiveCfg = Debug|x64
		{A25DC1F7-931F-40AA-AF6B-3E0AE045B67D}.Debug|x64.Build.0 = Debug|x64
		{A25DC1F7-931F-40AA-AF6B-3E0AE045B67D}.Debug|x86.ActiveCfg = Debug|Win32
		{A25DC1F7-931F-40AA-AF6B-3E0AE045B67D}.Debug|x86.Build.0 = Debug|Win32
		{A25DC1F7-931F-40AA-AF6B-3E0AE045B67D}.Release|x64.ActiveCfg = Release|x64
		{A25DC1F7-931F-40AA-AF6B-3E0AE045B67D}.Release|x64.Build.0 = Release|x64
		{A25DC1F7-931F-40AA-AF6B-3E0AE045B67D}.Release|x86.ActiveCfg = Release|Win32
		{A25DC1F7-931F-40AA-AF6B-3E0AE045B67D}.Release|x86.Build.0 = Release|Win32
		{7D32F247-F6E3-4EBC-B2A1-E9774FB2AB83}.Debug|x64.ActiveCfg = Debug|x64
		{7D32F247-F6E3-4EBC-B2A1-E9774FB2AB83}.Debug|x64.Build.0 = Debug|x64
		{7D32F247-F6E3-4EBC-B2A1-E9774FB2AB83}.Debug|x86.ActiveCfg = Debug|Win32
		{7D32F247-F6E3-4EBC-B2A1-E9774FB2AB83}.Debug|x86.Build.0 = Debug|Win32
		{7D32F247-F6E3-4EBC-B2A1-E9774FB2AB83}.Release|x64.ActiveCfg = Release|x64
		{7D32F247-F6E3-4EBC-B2A1-E9774FB2AB83}.Release|x64.Build.0 = Release|x64
		{7D32F247-F6E3-4EBC-B2A1-E9774FB2AB83}.Release|x86.ActiveCfg = Release|Win32
		{7D32F247-F6E3-4EBC-B2A1-E9774FB2AB83}.Release|x86.Build.0 = Release|Win32
		{DCEB48D4-6876-40FD-AFE9-12DCA34314BF}.Debug|x64.ActiveCfg = Debug|x64
		{DCEB48D4-6876-40FD-AFE9-12DCA34314BF}.Debug|x64.Build.0 = Debug|x64
		{DCEB48D4-6876-40FD-AFE9-12DCA34314BF}.Debug|x86.ActiveCfg = Debug|Win32
		{DCEB48D4-6876-40FD-AFE9-12DCA34314BF}.Debug|x86.Build.0 = Debug|Win32
		{DCEB48D4-6876-40FD-AFE9-12DCA34314BF}.Release|x64.ActiveCfg = Release|x64
		{DCEB48D4-6876-40FD-AFE9-12DCA34314BF}.Release|x64.Build.0 = Release|x64
		{DCEB48D4-6876-40FD-AFE9-12DCA34314BF}.Release|x86.ActiveCfg = Release|Win32
		{DCEB48D4-6876-40FD-AFE9-12DCA34314BF}.Release|x86.Build.0 = Release|Win32
		{47FBE9EA-77B5-4F82-B91F-53D08ECC8CC8}.Debug|x64.ActiveCfg = Debug|x64
		{47FBE9EA-77B5-4F82-B91F-53D08ECC8CC8}.Debug|x64.Build.0 = Debug|x64
		{47FBE9EA-77B5-4F82-B91F-53D08ECC8CC8}.Debug|x86.ActiveCfg = Debug|Win32
		{47FBE9EA-77B5-4F82-B91F-53D08ECC8CC8}.Debug|x86.Build.0 = Debug|Win32
		{47FBE9EA-77B5-4F82-B91F-53D08ECC8CC8}.Release|x64.ActiveCfg = Release|x64
		{47FBE9EA-77B5-4F82-B91F-53D08ECC8CC8}.Release|x64.Build.0 = Release|x64
		{47FBE9EA-77B5-4F82-B91F-53D08ECC8CC8}.Release|x86.ActiveCfg = Release|Win32
		{47FBE9EA-77B5-4F82-B91F-53D08ECC8CC8}.Release|x86.Build.0 = Release|Win32
		{9FD538AD-C1BD-472C-A1B9-F35B53BC0FF1}.Debug|x64.ActiveCfg = Debug|x64
		{9FD538AD-C1BD-472C-A1B9-F35B53BC0FF1}.Debug|x64.Build.0 = Debug|x64
		{9FD538AD-C1BD-472C-A1B9-F35B53BC0FF1}.Debug|x86.ActiveCfg = Debug|Win32
		{9FD538AD-C1BD-472C-A1B9-F35B53BC0FF1}.Debug|x86.Build.0 = Debug|Win32
		{9FD538AD-C1BD-472C-A1B9-F35B53BC0FF1}.Release|x64.ActiveCfg = Release|x64
		{9FD538AD-C1BD-472C-A1B9-F35B53BC0FF1}.Release|x64.Build.0 = Release|x64
		{9FD538AD-C1BD-472C-A1B9-F35B53BC0FF1}.Release|x86.ActiveCfg = Release|Win32
		{9FD538AD-C1BD-472C-A1B9-F35B53BC0FF1}.Release|x86.Build.0 = Release|Win32
		{DD389368-D579-429B-BCF0-616E08BD9C44}.Debug|x64.ActiveCfg = Debug|x64
		{DD389368-D579-429B-BCF0-616E08BD9C44}.Debug|x64.Build.0 = Debug|x64
		{DD389368-D579-429B-BCF0-616E08BD9C44}.Debug|x86.ActiveCfg = Debug|Win32
		{DD389368-D579-429B-BCF0-616E08BD9C44}.Debug|x86.Build.0 = Debug|Win32
		{DD389368-D579-429B-BCF0-616E08BD9C44}.Release|x64.ActiveCfg = Release|x64
		{DD389368-D579-429B-BCF0-616E08BD9C44}.Release|x64.Build.0 = Release|x64
		{DD389368-D579-429B-BCF0-616E08BD9C44}.Release|x86.ActiveCfg = Release|Win32
		{DD389368-D579-429B-BCF0-616E08BD9C44}.Release|x86.Build.0 = Release|Win32
		{E4EB5FCA-9509-453D-9E3F-DB26FBAFDA6A}.Debug|x64.ActiveCfg = Debug|x64
		{E4EB5FCA-9509-453D-9E3F-DB26FBAFDA6A}.Debug|x64.Build.0 = Debug|x64
		{E4EB5FCA-9509-453D-9E3F-DB26FBAFDA6A}.Debug|x86.ActiveCfg = Debug|Win32
		{E4EB5FCA-9509-453D-9E3F-DB26FBAFDA6A}.Debug|x86.Build.0 = Debug|Win32
		{E4EB5FCA-9509-453D-9E3F-DB26FBAFDA6A}.Release|x64.ActiveCfg = Release|x64
		{E4EB5FCA-9509-453D-9E3F-DB26FBAFDA6A}.Release|x64.Build.0 = Release|x64
		{E4EB5FCA-9509-453D-9E3F-DB26FBAFDA6A}.Release|x86.ActiveCfg = Release|Win32
		{E4EB5FCA-9509-453D-9E3F-DB26FBAFDA6A}.Release|x86.Build.0 = Release|Win32
		{816173F7-BBF7-42C4-8294-B6141D239BEC}.Debug|x64.ActiveCfg = Debug|x64
		{816173F7-BBF7-42C4-8294-B6141D239BEC}.Debug|x64.Build.0 = Debug|x64
		{816173F7-BBF7-42C4-8294-B6141D239BEC}.Debug|x86.ActiveCfg = Debug|Win32
		{816173F7-BBF7-42C4-8294-B6141D239BEC}.Debug|x86.Build.0 = Debug|Win32
		{816173F7-BBF7-42C4-8294-B6141D239BEC}.Release|x64.ActiveCfg = Release|x64
		{816173F7-BBF7-42C4-8294-B6141D239BEC}.Release|x64.Build.0 = Release|x64
		{816173F7-BBF7-42C4-8294-B6141D239BEC}.Release|x86.ActiveCfg = Release|Win32
		{816173F7-BBF7-42C4-8294-B6141D239BEC}.Release|x86.Build.0 = Release|Win32
	EndGlobalSection
	GlobalSection(SolutionProperties) = preSolution
		HideSolutionNode = FALSE
	EndGlobalSection
EndGlobal
